{
    "lcobucci/clock": {
        "version": "2.0.0"
    },
    "lcobucci/jwt": {
        "version": "4.1.5"
    },
    "psr/link": {
        "version": "1.0.0"
    },
    "symfony/http-client": {
        "version": "v5.3.8"
    },
    "symfony/mercure": {
        "version": "v0.5.3"
    },
    "symfony/mercure-bundle": {
        "version": "0.3",
        "recipe": {
            "repo": "github.com/symfony/recipes",
            "branch": "master",
            "version": "0.3",
            "ref": "e0a854b5439186e04b28fb8887b42c54f24a0d32"
        },
        "files": [
            "config/packages/mercure.yaml"
        ]
    },
    "symfony/translation-contracts": {
        "version": "v2.4.0"
    },
    "symfony/validator": {
        "version": "4.3",
        "recipe": {
            "repo": "github.com/symfony/recipes",
            "branch": "master",
            "version": "4.3",
            "ref": "3eb8df139ec05414489d55b97603c5f6ca0c44cb"
        },
        "files": [
            "config/packages/test/validator.yaml",
            "config/packages/validator.yaml"
        ]
    },
    "symfony/web-link": {
        "version": "v5.3.4"
    }
}
